
Microsoft Visual Studio Solution File, Format Version 12.00
# Visual Studio Version 16
VisualStudioVersion = 16.0.31112.23
MinimumVisualStudioVersion = 10.0.40219.1
Project("{FAE04EC0-301F-11D3-BF4B-00C04F79EFBC}") = "Home.API", "Home.API\Home.API.csproj", "{9837F11F-9881-4C3C-B9BB-DDF4417CDAB4}"
EndProject
Global
	GlobalSection(SolutionConfigurationPlatforms) = preSolution
		Debug|Any CPU = Debug|Any CPU
		Release|Any CPU = Release|Any CPU
	EndGlobalSection
	GlobalSection(ProjectConfigurationPlatforms) = postSolution
		{9837F11F-9881-4C3C-B9BB-DDF4417CDAB4}.Debug|Any CPU.ActiveCfg = Debug|Any CPU
		{9837F11F-9881-4C3C-B9BB-DDF4417CDAB4}.Debug|Any CPU.Build.0 = Debug|Any CPU
		{9837F11F-9881-4C3C-B9BB-DDF4417CDAB4}.Release|Any CPU.ActiveCfg = Release|Any CPU
		{9837F11F-9881-4C3C-B9BB-DDF4417CDAB4}.Release|Any CPU.Build.0 = Release|Any CPU
	EndGlobalSection
	GlobalSection(SolutionProperties) = preSolution
		HideSolutionNode = FALSE
	EndGlobalSection
	GlobalSection(ExtensibilityGlobals) = postSolution
		SolutionGuid = {681C3017-AC2C-44AF-ACD3-852A667E616D}
	EndGlobalSection
EndGlobal
